
Microsoft Visual Studio Solution File, Format Version 12.00
# Visual Studio Version 17
VisualStudioVersion = 17.7.34031.279
MinimumVisualStudioVersion = 10.0.40219.1
Project("{8BC9CEB8-8B4A-11D0-8D11-00A0C91BC942}") = "NoahSantos-Lab5-NumberGame", "NoahSantos-Lab5-NumberGame\NoahSantos-Lab5-NumberGame.vcxproj", "{B0296CBD-6E88-4F25-A2C4-6EF8F3F8EF47}"
EndProject
Global
	GlobalSection(SolutionConfigurationPlatforms) = preSolution
		Debug|x64 = Debug|x64
		Debug|x86 = Debug|x86
		Release|x64 = Release|x64
		Release|x86 = Release|x86
	EndGlobalSection
	GlobalSection(ProjectConfigurationPlatforms) = postSolution
		{B0296CBD-6E88-4F25-A2C4-6EF8F3F8EF47}.Debug|x64.ActiveCfg = Debug|x64
		{B0296CBD-6E88-4F25-A2C4-6EF8F3F8EF47}.Debug|x64.Build.0 = Debug|x64
		{B0296CBD-6E88-4F25-A2C4-6EF8F3F8EF47}.Debug|x86.ActiveCfg = Debug|Win32
		{B0296CBD-6E88-4F25-A2C4-6EF8F3F8EF47}.Debug|x86.Build.0 = Debug|Win32
		{B0296CBD-6E88-4F25-A2C4-6EF8F3F8EF47}.Release|x64.ActiveCfg = Release|x64
		{B0296CBD-6E88-4F25-A2C4-6EF8F3F8EF47}.Release|x64.Build.0 = Release|x64
		{B0296CBD-6E88-4F25-A2C4-6EF8F3F8EF47}.Release|x86.ActiveCfg = Release|Win32
		{B0296CBD-6E88-4F25-A2C4-6EF8F3F8EF47}.Release|x86.Build.0 = Release|Win32
	EndGlobalSection
	GlobalSection(SolutionProperties) = preSolution
		HideSolutionNode = FALSE
	EndGlobalSection
	GlobalSection(ExtensibilityGlobals) = postSolution
		SolutionGuid = {A1BB18F5-9A41-41B4-9600-53D51B7E1ED0}
	EndGlobalSection
EndGlobal
